github.com/PuerkitoBio/goquery v1.5.0 h1:uGvmFXOA73IKluu/F84Xd1tt/z07GYm8X49XKHP7EJk=
github.com/PuerkitoBio/goquery v1.5.0/go.mod h1:qD2PgZ9lccMbQlc7eEOjaeRlFQON7xY8kdmcsrnKqMg=
github.com/andybalholm/cascadia v1.0.0 h1:hOCXnnZ5A+3eVDX8pvgl4kofXv2ELss0bKcqRySc45o=
github.com/andybalholm/cascadia v1.0.0/go.mod h1:GsXiBklL0woXo1j/WYWtSYYC4ouU9PqHO0sqidkEA4Y=
github.com/gorilla/handlers v1.4.2 h1:0QniY0USkHQ1RGCLfKxeNHK9bkDHGRYGNDFBCS+YARg=
github.com/gorilla/handlers v1.4.2/go.mod h1:Qkdc/uu4tH4g6mTK6auzZ766c4CA0Ng8+o/OAirnOIQ=
github.com/gorilla/mux v1.7.3 h1:gnP5JzjVOuiZD07fKKToCAOjS0yOpj/qPETTXCCS6hw=
github.com/gorilla/mux v1.7.3/go.mod h1:1lud6UwP+6orDFRuTfBEV8e9/aOM/c4fVVCaMa2zaAs=
github.com/mattn/go-sqlite3 v1.11.0 h1:LDdKkqtYlom37fkvqs8rMPFKAMe8+SgjbwZ6ex1/A/Q=
github.com/mattn/go-sqlite3 v1.11.0/go.mod h1:FPy6KqzDD04eiIsT53CuJW3U88zkxoIYsOqkbpncsNc=
github.com/nboughton/go-plotlytypes v0.0.4 h1:4+QjLbmcD8dMM5ypMxj5irDaENlN17G2+DpRVNjqGKA=
github.com/nboughton/go-plotlytypes v0.0.4/go.mod h1:5VwUYjBIl+1+CWxpxvWpLvSH0ydEDS6PJxrP7VBqyD8=
github.com/nboughton/go-plotlytypes v0.0.5 h1:jBmsyVqzcPUSW9ggH6AoqV+AJo8McRAm/Nd/DvsQ3GU=
github.com/nboughton/go-plotlytypes v0.0.5/go.mod h1:5VwUYjBIl+1+CWxpxvWpLvSH0ydEDS6PJxrP7VBqyD8=
github.com/nboughton/go-sqgenlite v0.1.0 h1:CdqJqpx6bRgY3UYsn4PGN/uwq/s98xjLmm5IzBDkP+w=
github.com/nboughton/go-sqgenlite v0.1.0/go.mod h1:2T+Y+j7PjAEt1iyaik3B4TH6fBTCdWYBZ6VI/8s+da4=
github.com/nboughton/stalotto v1.0.0 h1:cSNqJX/t99kU5FgU6Sh5DaTai3xMj5zps9H0wSZlHIc=
github.com/nboughton/stalotto v1.0.0/go.mod h1:90AF+hr5XxDhsMQ1jtSG9HYq0K2R/aGs+MASCfvevzY=
golang.org/x/net v0.0.0-20180218175443-cbe0f9307d01/go.mod h1:mL1N/T3taQHkDXs73rZJwtUhF3w3ftmwwsq0BUmARs4=
golang.org/x/net v0.0.0-20181114220301-adae6a3d119a h1:gOpx8G595UYyvj8UK4+OFyY4rx037g3fmfhe5SasG3U=
golang.org/x/net v0.0.0-20181114220301-adae6a3d119a/go.mod h1:mL1N/T3taQHkDXs73rZJwtUhF3w3ftmwwsq0BUmARs4=
