# This file is autogenerated, do not edit; changes may be undone by the next 'dep ensure'.


[[projects]]
  digest = "1:573fa46f8d413d4bc3f7cc5e86b2c43cb21559f4fb0a19d9874d228e28fdc07c"
  name = "github.com/PuerkitoBio/goquery"
  packages = ["."]
  pruneopts = "UT"
  revision = "2d2796f41742ece03e8086188fa4db16a3a0b458"
  version = "v1.5.0"

[[projects]]
  digest = "1:66b3310cf22cdc96c35ef84ede4f7b9b370971c4025f394c89a2638729653b11"
  name = "github.com/andybalholm/cascadia"
  packages = ["."]
  pruneopts = "UT"
  revision = "901648c87902174f774fac311d7f176f8647bdaa"
  version = "v1.0.0"

[[projects]]
  digest = "1:bf3f2edc757b0fcee5946f9c88c3531b3766cde4195f9c5956fc4a84b72b0699"
  name = "github.com/gorilla/handlers"
  packages = ["."]
  pruneopts = "UT"
  revision = "415c4810185c26aa35ca0315470d77697000794b"
  version = "v1.4.1"

[[projects]]
  digest = "1:cbec35fe4d5a4fba369a656a8cd65e244ea2c743007d8f6c1ccb132acf9d1296"
  name = "github.com/gorilla/mux"
  packages = ["."]
  pruneopts = "UT"
  revision = "00bdffe0f3c77e27d2cf6f5c70232a2d3e4d9c15"
  version = "v1.7.3"

[[projects]]
  digest = "1:79e87abf06b873987dee86598950f5b51732ac454d5a5cab6445a14330e6c9e3"
  name = "github.com/mattn/go-sqlite3"
  packages = ["."]
  pruneopts = "UT"
  revision = "b612a2feea6aa87c6d052d9086572551df06497e"
  version = "v1.11.0"

[[projects]]
  digest = "1:db43b0572e907211b86fbe2307c3d5ce68e75a9c74e7e7c5826c26ff195b7caa"
  name = "github.com/nboughton/go-sqgenlite"
  packages = ["."]
  pruneopts = "UT"
  revision = "673b19e3a5cd3fb9e70af778d1211bcaa005ee75"
  version = "v0.1.0"

[[projects]]
  branch = "master"
  digest = "1:cc43d329f5917bf4242fae13c5c9782c5328b51e7e78e1ff0e5526c19b31ce68"
  name = "github.com/nboughton/go-utils"
  packages = ["json/web"]
  pruneopts = "UT"
  revision = "d1fe1c39566f2b46b206e15cd93774ecc03ef42e"

[[projects]]
  branch = "master"
  digest = "1:d17438baf35b08cfe3cd0f0f4397d7074341ceb242e21bbb08421bb86164966e"
  name = "github.com/nboughton/stalotto"
  packages = [
    "db",
    "lotto",
  ]
  pruneopts = "UT"
  revision = "bc2148d17453215140ac6032ac06aa90534576ac"

[[projects]]
  branch = "master"
  digest = "1:d7b978a787736537d0ad2f84c0e8b75b05c2febef0537198e28edf1cf2768afd"
  name = "golang.org/x/net"
  packages = [
    "html",
    "html/atom",
  ]
  pruneopts = "UT"
  revision = "da137c7871d730100384dbcf36e6f8fa493aef5b"

[solve-meta]
  analyzer-name = "dep"
  analyzer-version = 1
  input-imports = [
    "github.com/gorilla/handlers",
    "github.com/gorilla/mux",
    "github.com/nboughton/go-utils/json/web",
    "github.com/nboughton/stalotto/db",
    "github.com/nboughton/stalotto/lotto",
  ]
  solver-name = "gps-cdcl"
  solver-version = 1
