# This file is autogenerated, do not edit; changes may be undone by the next 'dep ensure'.


[[projects]]
  name = "github.com/PuerkitoBio/goquery"
  packages = ["."]
  revision = "09540e565986583836b5fc792fe951ec5fd201dd"
  version = "v1.3.0"

[[projects]]
  branch = "master"
  name = "github.com/andybalholm/cascadia"
  packages = ["."]
  revision = "349dd0209470eabd9514242c688c403c0926d266"

[[projects]]
  name = "github.com/gorilla/context"
  packages = ["."]
  revision = "1ea25387ff6f684839d82767c1733ff4d4d15d0a"
  version = "v1.1"

[[projects]]
  name = "github.com/gorilla/handlers"
  packages = ["."]
  revision = "90663712d74cb411cbef281bc1e08c19d1a76145"
  version = "v1.3.0"

[[projects]]
  name = "github.com/gorilla/mux"
  packages = ["."]
  revision = "53c1911da2b537f792e7cafcb446b05ffe33b996"
  version = "v1.6.1"

[[projects]]
  name = "github.com/mattn/go-sqlite3"
  packages = ["."]
  revision = "6c771bb9887719704b210e87e934f08be014bdb1"
  version = "v1.6.0"

[[projects]]
  branch = "master"
  name = "github.com/nboughton/go-sqgenlite"
  packages = ["."]
  revision = "fa2c5623d30244f88effe524c4952da156810110"

[[projects]]
  branch = "master"
  name = "github.com/nboughton/go-utils"
  packages = ["json/web"]
  revision = "5f9f354c194d02e036c772ca862b9a755e948ec4"

[[projects]]
  branch = "master"
  name = "github.com/nboughton/stalotto"
  packages = [
    "db",
    "lotto"
  ]
  revision = "b9a1a4a12843c6f516d67097a070b23100c29795"

[[projects]]
  branch = "master"
  name = "golang.org/x/net"
  packages = [
    "html",
    "html/atom"
  ]
  revision = "2e7f24ace30034db6c258ddb329e5236a68c27fa"

[solve-meta]
  analyzer-name = "dep"
  analyzer-version = 1
  inputs-digest = "23b4a3f80ff305cb23e91b1702154ad83180bbf2904b9bc560776c36877827c4"
  solver-name = "gps-cdcl"
  solver-version = 1
